// !$*UTF8*$!
{
	archiveVersion = 1;
	classes = {
	};
	objectVersion = 46;
	objects = {

/* Begin PBXBuildFile section */
		2C1681651AD01E0C0009DDDB /* moties.json in Resources */ = {isa = PBXBuildFile; fileRef = 2C1681641AD01E0C0009DDDB /* moties.json */; };
		2C2944F81ACFF89C00095FBB /* main.m in Sources */ = {isa = PBXBuildFile; fileRef = 2C2944F71ACFF89C00095FBB /* main.m */; };
		2C2944FB1ACFF89C00095FBB /* AppDelegate.m in Sources */ = {isa = PBXBuildFile; fileRef = 2C2944FA1ACFF89C00095FBB /* AppDelegate.m */; };
		2C2944FE1ACFF89C00095FBB /* ViewController.m in Sources */ = {isa = PBXBuildFile; fileRef = 2C2944FD1ACFF89C00095FBB /* ViewController.m */; };
		2C2945011ACFF89C00095FBB /* Main.storyboard in Resources */ = {isa = PBXBuildFile; fileRef = 2C2944FF1ACFF89C00095FBB /* Main.storyboard */; };
		2C2945031ACFF89C00095FBB /* Images.xcassets in Resources */ = {isa = PBXBuildFile; fileRef = 2C2945021ACFF89C00095FBB /* Images.xcassets */; };
		2C2945061ACFF89C00095FBB /* LaunchScreen.xib in Resources */ = {isa = PBXBuildFile; fileRef = 2C2945041ACFF89C00095FBB /* LaunchScreen.xib */; };
		2C2945121ACFF89C00095FBB /* PREMOTIETests.m in Sources */ = {isa = PBXBuildFile; fileRef = 2C2945111ACFF89C00095FBB /* PREMOTIETests.m */; };
		2C2945211AD007CB00095FBB /* DraggableViewBackground.m in Sources */ = {isa = PBXBuildFile; fileRef = 2C29451C1AD007CB00095FBB /* DraggableViewBackground.m */; };
		2C2945221AD007CB00095FBB /* DraggableView.m in Sources */ = {isa = PBXBuildFile; fileRef = 2C29451E1AD007CB00095FBB /* DraggableView.m */; };
		2C2945231AD007CB00095FBB /* OverlayView.m in Sources */ = {isa = PBXBuildFile; fileRef = 2C2945201AD007CB00095FBB /* OverlayView.m */; };
		2C2945261AD00A4B00095FBB /* Motie.m in Sources */ = {isa = PBXBuildFile; fileRef = 2C2945251AD00A4B00095FBB /* Motie.m */; };
		2C29452C1AD00B2A00095FBB /* Thema.m in Sources */ = {isa = PBXBuildFile; fileRef = 2C29452B1AD00B2A00095FBB /* Thema.m */; };
		2C29452F1AD00E7700095FBB /* DraggableThemaView.m in Sources */ = {isa = PBXBuildFile; fileRef = 2C29452E1AD00E7700095FBB /* DraggableThemaView.m */; };
		2C2945321AD00ED900095FBB /* DraggableMotieView.m in Sources */ = {isa = PBXBuildFile; fileRef = 2C2945311AD00ED900095FBB /* DraggableMotieView.m */; };
/* End PBXBuildFile section */

/* Begin PBXContainerItemProxy section */
		2C29450C1ACFF89C00095FBB /* PBXContainerItemProxy */ = {
			isa = PBXContainerItemProxy;
			containerPortal = 2C2944EA1ACFF89C00095FBB /* Project object */;
			proxyType = 1;
			remoteGlobalIDString = 2C2944F11ACFF89C00095FBB;
			remoteInfo = PREMOTIE;
		};
/* End PBXContainerItemProxy section */

/* Begin PBXFileReference section */
		2C1681641AD01E0C0009DDDB /* moties.json */ = {isa = PBXFileReference; fileEncoding = 4; lastKnownFileType = text.json; path = moties.json; sourceTree = "<group>"; };
		2C2944F21ACFF89C00095FBB /* PREMOTIE.app */ = {isa = PBXFileReference; explicitFileType = wrapper.application; includeInIndex = 0; path = PREMOTIE.app; sourceTree = BUILT_PRODUCTS_DIR; };
		2C2944F61ACFF89C00095FBB /* Info.plist */ = {isa = PBXFileReference; lastKnownFileType = text.plist.xml; path = Info.plist; sourceTree = "<group>"; };
		2C2944F71ACFF89C00095FBB /* main.m */ = {isa = PBXFileReference; lastKnownFileType = sourcecode.c.objc; path = main.m; sourceTree = "<group>"; };
		2C2944F91ACFF89C00095FBB /* AppDelegate.h */ = {isa = PBXFileReference; lastKnownFileType = sourcecode.c.h; path = AppDelegate.h; sourceTree = "<group>"; };
		2C2944FA1ACFF89C00095FBB /* AppDelegate.m */ = {isa = PBXFileReference; lastKnownFileType = sourcecode.c.objc; path = AppDelegate.m; sourceTree = "<group>"; };
		2C2944FC1ACFF89C00095FBB /* ViewController.h */ = {isa = PBXFileReference; lastKnownFileType = sourcecode.c.h; path = ViewController.h; sourceTree = "<group>"; };
		2C2944FD1ACFF89C00095FBB /* ViewController.m */ = {isa = PBXFileReference; lastKnownFileType = sourcecode.c.objc; path = ViewController.m; sourceTree = "<group>"; };
		2C2945001ACFF89C00095FBB /* Base */ = {isa = PBXFileReference; lastKnownFileType = file.storyboard; name = Base; path = Base.lproj/Main.storyboard; sourceTree = "<group>"; };
		2C2945021ACFF89C00095FBB /* Images.xcassets */ = {isa = PBXFileReference; lastKnownFileType = folder.assetcatalog; path = Images.xcassets; sourceTree = "<group>"; };
		2C2945051ACFF89C00095FBB /* Base */ = {isa = PBXFileReference; lastKnownFileType = file.xib; name = Base; path = Base.lproj/LaunchScreen.xib; sourceTree = "<group>"; };
		2C29450B1ACFF89C00095FBB /* PREMOTIETests.xctest */ = {isa = PBXFileReference; explicitFileType = wrapper.cfbundle; includeInIndex = 0; path = PREMOTIETests.xctest; sourceTree = BUILT_PRODUCTS_DIR; };
		2C2945101ACFF89C00095FBB /* Info.plist */ = {isa = PBXFileReference; lastKnownFileType = text.plist.xml; path = Info.plist; sourceTree = "<group>"; };
		2C2945111ACFF89C00095FBB /* PREMOTIETests.m */ = {isa = PBXFileReference; lastKnownFileType = sourcecode.c.objc; path = PREMOTIETests.m; sourceTree = "<group>"; };
		2C29451B1AD007CB00095FBB /* DraggableViewBackground.h */ = {isa = PBXFileReference; fileEncoding = 4; lastKnownFileType = sourcecode.c.h; path = DraggableViewBackground.h; sourceTree = "<group>"; };
		2C29451C1AD007CB00095FBB /* DraggableViewBackground.m */ = {isa = PBXFileReference; fileEncoding = 4; lastKnownFileType = sourcecode.c.objc; path = DraggableViewBackground.m; sourceTree = "<group>"; };
		2C29451D1AD007CB00095FBB /* DraggableView.h */ = {isa = PBXFileReference; fileEncoding = 4; lastKnownFileType = sourcecode.c.h; path = DraggableView.h; sourceTree = "<group>"; };
		2C29451E1AD007CB00095FBB /* DraggableView.m */ = {isa = PBXFileReference; fileEncoding = 4; lastKnownFileType = sourcecode.c.objc; path = DraggableView.m; sourceTree = "<group>"; };
		2C29451F1AD007CB00095FBB /* OverlayView.h */ = {isa = PBXFileReference; fileEncoding = 4; lastKnownFileType = sourcecode.c.h; path = OverlayView.h; sourceTree = "<group>"; };
		2C2945201AD007CB00095FBB /* OverlayView.m */ = {isa = PBXFileReference; fileEncoding = 4; lastKnownFileType = sourcecode.c.objc; path = OverlayView.m; sourceTree = "<group>"; };
		2C2945241AD00A4B00095FBB /* Motie.h */ = {isa = PBXFileReference; fileEncoding = 4; lastKnownFileType = sourcecode.c.h; path = Motie.h; sourceTree = "<group>"; };
		2C2945251AD00A4B00095FBB /* Motie.m */ = {isa = PBXFileReference; fileEncoding = 4; lastKnownFileType = sourcecode.c.objc; path = Motie.m; sourceTree = "<group>"; };
		2C29452A1AD00B2A00095FBB /* Thema.h */ = {isa = PBXFileReference; fileEncoding = 4; lastKnownFileType = sourcecode.c.h; path = Thema.h; sourceTree = "<group>"; };
		2C29452B1AD00B2A00095FBB /* Thema.m */ = {isa = PBXFileReference; fileEncoding = 4; lastKnownFileType = sourcecode.c.objc; path = Thema.m; sourceTree = "<group>"; };
		2C29452D1AD00E7700095FBB /* DraggableThemaView.h */ = {isa = PBXFileReference; fileEncoding = 4; lastKnownFileType = sourcecode.c.h; path = DraggableThemaView.h; sourceTree = "<group>"; };
		2C29452E1AD00E7700095FBB /* DraggableThemaView.m */ = {isa = PBXFileReference; fileEncoding = 4; lastKnownFileType = sourcecode.c.objc; path = DraggableThemaView.m; sourceTree = "<group>"; };
		2C2945301AD00ED900095FBB /* DraggableMotieView.h */ = {isa = PBXFileReference; fileEncoding = 4; lastKnownFileType = sourcecode.c.h; path = DraggableMotieView.h; sourceTree = "<group>"; };
		2C2945311AD00ED900095FBB /* DraggableMotieView.m */ = {isa = PBXFileReference; fileEncoding = 4; lastKnownFileType = sourcecode.c.objc; path = DraggableMotieView.m; sourceTree = "<group>"; };
/* End PBXFileReference section */

/* Begin PBXFrameworksBuildPhase section */
		2C2944EF1ACFF89C00095FBB /* Frameworks */ = {
			isa = PBXFrameworksBuildPhase;
			buildActionMask = 2147483647;
			files = (
			);
			runOnlyForDeploymentPostprocessing = 0;
		};
		2C2945081ACFF89C00095FBB /* Frameworks */ = {
			isa = PBXFrameworksBuildPhase;
			buildActionMask = 2147483647;
			files = (
			);
			runOnlyForDeploymentPostprocessing = 0;
		};
/* End PBXFrameworksBuildPhase section */

/* Begin PBXGroup section */
		2C2944E91ACFF89C00095FBB = {
			isa = PBXGroup;
			children = (
				2C2944F41ACFF89C00095FBB /* PREMOTIE */,
				2C29450E1ACFF89C00095FBB /* PREMOTIETests */,
				2C2944F31ACFF89C00095FBB /* Products */,
			);
			sourceTree = "<group>";
		};
		2C2944F31ACFF89C00095FBB /* Products */ = {
			isa = PBXGroup;
			children = (
				2C2944F21ACFF89C00095FBB /* PREMOTIE.app */,
				2C29450B1ACFF89C00095FBB /* PREMOTIETests.xctest */,
			);
			name = Products;
			sourceTree = "<group>";
		};
		2C2944F41ACFF89C00095FBB /* PREMOTIE */ = {
			isa = PBXGroup;
			children = (
				2C2945241AD00A4B00095FBB /* Motie.h */,
				2C2945251AD00A4B00095FBB /* Motie.m */,
				2C29452A1AD00B2A00095FBB /* Thema.h */,
				2C29452B1AD00B2A00095FBB /* Thema.m */,
				2C29451D1AD007CB00095FBB /* DraggableView.h */,
				2C29451E1AD007CB00095FBB /* DraggableView.m */,
				2C29451B1AD007CB00095FBB /* DraggableViewBackground.h */,
				2C29451C1AD007CB00095FBB /* DraggableViewBackground.m */,
				2C2945301AD00ED900095FBB /* DraggableMotieView.h */,
				2C2945311AD00ED900095FBB /* DraggableMotieView.m */,
				2C29452D1AD00E7700095FBB /* DraggableThemaView.h */,
				2C29452E1AD00E7700095FBB /* DraggableThemaView.m */,
				2C29451F1AD007CB00095FBB /* OverlayView.h */,
				2C2945201AD007CB00095FBB /* OverlayView.m */,
				2C2944F91ACFF89C00095FBB /* AppDelegate.h */,
				2C2944FA1ACFF89C00095FBB /* AppDelegate.m */,
				2C2944FC1ACFF89C00095FBB /* ViewController.h */,
				2C2944FD1ACFF89C00095FBB /* ViewController.m */,
				2C2944FF1ACFF89C00095FBB /* Main.storyboard */,
				2C2945021ACFF89C00095FBB /* Images.xcassets */,
				2C2945041ACFF89C00095FBB /* LaunchScreen.xib */,
				2C2944F51ACFF89C00095FBB /* Supporting Files */,
			);
			path = PREMOTIE;
			sourceTree = "<group>";
		};
		2C2944F51ACFF89C00095FBB /* Supporting Files */ = {
			isa = PBXGroup;
			children = (
				2C1681641AD01E0C0009DDDB /* moties.json */,
				2C2944F61ACFF89C00095FBB /* Info.plist */,
				2C2944F71ACFF89C00095FBB /* main.m */,
			);
			name = "Supporting Files";
			sourceTree = "<group>";
		};
		2C29450E1ACFF89C00095FBB /* PREMOTIETests */ = {
			isa = PBXGroup;
			children = (
				2C2945111ACFF89C00095FBB /* PREMOTIETests.m */,
				2C29450F1ACFF89C00095FBB /* Supporting Files */,
			);
			path = PREMOTIETests;
			sourceTree = "<group>";
		};
		2C29450F1ACFF89C00095FBB /* Supporting Files */ = {
			isa = PBXGroup;
			children = (
				2C2945101ACFF89C00095FBB /* Info.plist */,
			);
			name = "Supporting Files";
			sourceTree = "<group>";
		};
/* End PBXGroup section */

/* Begin PBXNativeTarget section */
		2C2944F11ACFF89C00095FBB /* PREMOTIE */ = {
			isa = PBXNativeTarget;
			buildConfigurationList = 2C2945151ACFF89C00095FBB /* Build configuration list for PBXNativeTarget "PREMOTIE" */;
			buildPhases = (
				2C2944EE1ACFF89C00095FBB /* Sources */,
				2C2944EF1ACFF89C00095FBB /* Frameworks */,
				2C2944F01ACFF89C00095FBB /* Resources */,
			);
			buildRules = (
			);
			dependencies = (
			);
			name = PREMOTIE;
			productName = PREMOTIE;
			productReference = 2C2944F21ACFF89C00095FBB /* PREMOTIE.app */;
			productType = "com.apple.product-type.application";
		};
		2C29450A1ACFF89C00095FBB /* PREMOTIETests */ = {
			isa = PBXNativeTarget;
			buildConfigurationList = 2C2945181ACFF89C00095FBB /* Build configuration list for PBXNativeTarget "PREMOTIETests" */;
			buildPhases = (
				2C2945071ACFF89C00095FBB /* Sources */,
				2C2945081ACFF89C00095FBB /* Frameworks */,
				2C2945091ACFF89C00095FBB /* Resources */,
			);
			buildRules = (
			);
			dependencies = (
				2C29450D1ACFF89C00095FBB /* PBXTargetDependency */,
			);
			name = PREMOTIETests;
			productName = PREMOTIETests;
			productReference = 2C29450B1ACFF89C00095FBB /* PREMOTIETests.xctest */;
			productType = "com.apple.product-type.bundle.unit-test";
		};
/* End PBXNativeTarget section */

/* Begin PBXProject section */
		2C2944EA1ACFF89C00095FBB /* Project object */ = {
			isa = PBXProject;
			attributes = {
				LastUpgradeCheck = 0620;
				ORGANIZATIONNAME = D66;
				TargetAttributes = {
					2C2944F11ACFF89C00095FBB = {
						CreatedOnToolsVersion = 6.2;
						DevelopmentTeam = L4375458BR;
					};
					2C29450A1ACFF89C00095FBB = {
						CreatedOnToolsVersion = 6.2;
						TestTargetID = 2C2944F11ACFF89C00095FBB;
					};
				};
			};
			buildConfigurationList = 2C2944ED1ACFF89C00095FBB /* Build configuration list for PBXProject "PREMOTIE" */;
			compatibilityVersion = "Xcode 3.2";
			developmentRegion = English;
			hasScannedForEncodings = 0;
			knownRegions = (
				en,
				Base,
			);
			mainGroup = 2C2944E91ACFF89C00095FBB;
			productRefGroup = 2C2944F31ACFF89C00095FBB /* Products */;
			projectDirPath = "";
			projectRoot = "";
			targets = (
				2C2944F11ACFF89C00095FBB /* PREMOTIE */,
				2C29450A1ACFF89C00095FBB /* PREMOTIETests */,
			);
		};
/* End PBXProject section */

/* Begin PBXResourcesBuildPhase section */
		2C2944F01ACFF89C00095FBB /* Resources */ = {
			isa = PBXResourcesBuildPhase;
			buildActionMask = 2147483647;
			files = (
				2C1681651AD01E0C0009DDDB /* moties.json in Resources */,
				2C2945011ACFF89C00095FBB /* Main.storyboard in Resources */,
				2C2945061ACFF89C00095FBB /* LaunchScreen.xib in Resources */,
				2C2945031ACFF89C00095FBB /* Images.xcassets in Resources */,
			);
			runOnlyForDeploymentPostprocessing = 0;
		};
		2C2945091ACFF89C00095FBB /* Resources */ = {
			isa = PBXResourcesBuildPhase;
			buildActionMask = 2147483647;
			files = (
			);
			runOnlyForDeploymentPostprocessing = 0;
		};
/* End PBXResourcesBuildPhase section */

/* Begin PBXSourcesBuildPhase section */
		2C2944EE1ACFF89C00095FBB /* Sources */ = {
			isa = PBXSourcesBuildPhase;
			buildActionMask = 2147483647;
			files = (
				2C2945211AD007CB00095FBB /* DraggableViewBackground.m in Sources */,
				2C29452C1AD00B2A00095FBB /* Thema.m in Sources */,
				2C2945231AD007CB00095FBB /* OverlayView.m in Sources */,
				2C2945321AD00ED900095FBB /* DraggableMotieView.m in Sources */,
				2C2944FE1ACFF89C00095FBB /* ViewController.m in Sources */,
				2C29452F1AD00E7700095FBB /* DraggableThemaView.m in Sources */,
				2C2944FB1ACFF89C00095FBB /* AppDelegate.m in Sources */,
				2C2945261AD00A4B00095FBB /* Motie.m in Sources */,
				2C2944F81ACFF89C00095FBB /* main.m in Sources */,
				2C2945221AD007CB00095FBB /* DraggableView.m in Sources */,
			);
			runOnlyForDeploymentPostprocessing = 0;
		};
		2C2945071ACFF89C00095FBB /* Sources */ = {
			isa = PBXSourcesBuildPhase;
			buildActionMask = 2147483647;
			files = (
				2C2945121ACFF89C00095FBB /* PREMOTIETests.m in Sources */,
			);
			runOnlyForDeploymentPostprocessing = 0;
		};
/* End PBXSourcesBuildPhase section */

/* Begin PBXTargetDependency section */
		2C29450D1ACFF89C00095FBB /* PBXTargetDependency */ = {
			isa = PBXTargetDependency;
			target = 2C2944F11ACFF89C00095FBB /* PREMOTIE */;
			targetProxy = 2C29450C1ACFF89C00095FBB /* PBXContainerItemProxy */;
		};
/* End PBXTargetDependency section */

/* Begin PBXVariantGroup section */
		2C2944FF1ACFF89C00095FBB /* Main.storyboard */ = {
			isa = PBXVariantGroup;
			children = (
				2C2945001ACFF89C00095FBB /* Base */,
			);
			name = Main.storyboard;
			sourceTree = "<group>";
		};
		2C2945041ACFF89C00095FBB /* LaunchScreen.xib */ = {
			isa = PBXVariantGroup;
			children = (
				2C2945051ACFF89C00095FBB /* Base */,
			);
			name = LaunchScreen.xib;
			sourceTree = "<group>";
		};
/* End PBXVariantGroup section */

/* Begin XCBuildConfiguration section */
		2C2945131ACFF89C00095FBB /* Debug */ = {
			isa = XCBuildConfiguration;
			buildSettings = {
				ALWAYS_SEARCH_USER_PATHS = NO;
				CLANG_CXX_LANGUAGE_STANDARD = "gnu++0x";
				CLANG_CXX_LIBRARY = "libc++";
				CLANG_ENABLE_MODULES = YES;
				CLANG_ENABLE_OBJC_ARC = YES;
				CLANG_WARN_BOOL_CONVERSION = YES;
				CLANG_WARN_CONSTANT_CONVERSION = YES;
				CLANG_WARN_DIRECT_OBJC_ISA_USAGE = YES_ERROR;
				CLANG_WARN_EMPTY_BODY = YES;
				CLANG_WARN_ENUM_CONVERSION = YES;
				CLANG_WARN_INT_CONVERSION = YES;
				CLANG_WARN_OBJC_ROOT_CLASS = YES_ERROR;
				CLANG_WARN_UNREACHABLE_CODE = YES;
				CLANG_WARN__DUPLICATE_METHOD_MATCH = YES;
				"CODE_SIGN_IDENTITY[sdk=iphoneos*]" = "iPhone Developer";
				COPY_PHASE_STRIP = NO;
				ENABLE_STRICT_OBJC_MSGSEND = YES;
				GCC_C_LANGUAGE_STANDARD = gnu99;
				GCC_DYNAMIC_NO_PIC = NO;
				GCC_OPTIMIZATION_LEVEL = 0;
				GCC_PREPROCESSOR_DEFINITIONS = (
					"DEBUG=1",
					"$(inherited)",
				);
				GCC_SYMBOLS_PRIVATE_EXTERN = NO;
				GCC_WARN_64_TO_32_BIT_CONVERSION = YES;
				GCC_WARN_ABOUT_RETURN_TYPE = YES_ERROR;
				GCC_WARN_UNDECLARED_SELECTOR = YES;
				GCC_WARN_UNINITIALIZED_AUTOS = YES_AGGRESSIVE;
				GCC_WARN_UNUSED_FUNCTION = YES;
				GCC_WARN_UNUSED_VARIABLE = YES;
				IPHONEOS_DEPLOYMENT_TARGET = 8.2;
				MTL_ENABLE_DEBUG_INFO = YES;
				ONLY_ACTIVE_ARCH = YES;
				SDKROOT = iphoneos;
			};
			name = Debug;
		};
		2C2945141ACFF89C00095FBB /* Release */ = {
			isa = XCBuildConfiguration;
			buildSettings = {
				ALWAYS_SEARCH_USER_PATHS = NO;
				CLANG_CXX_LANGUAGE_STANDARD = "gnu++0x";
				CLANG_CXX_LIBRARY = "libc++";
				CLANG_ENABLE_MODULES = YES;
				CLANG_ENABLE_OBJC_ARC = YES;
				CLANG_WARN_BOOL_CONVERSION = YES;
				CLANG_WARN_CONSTANT_CONVERSION = YES;
				CLANG_WARN_DIRECT_OBJC_ISA_USAGE = YES_ERROR;
				CLANG_WARN_EMPTY_BODY = YES;
				CLANG_WARN_ENUM_CONVERSION = YES;
				CLANG_WARN_INT_CONVERSION = YES;
				CLANG_WARN_OBJC_ROOT_CLASS = YES_ERROR;
				CLANG_WARN_UNREACHABLE_CODE = YES;
				CLANG_WARN__DUPLICATE_METHOD_MATCH = YES;
				"CODE_SIGN_IDENTITY[sdk=iphoneos*]" = "iPhone Developer";
				COPY_PHASE_STRIP = NO;
				ENABLE_NS_ASSERTIONS = NO;
				ENABLE_STRICT_OBJC_MSGSEND = YES;
				GCC_C_LANGUAGE_STANDARD = gnu99;
				GCC_WARN_64_TO_32_BIT_CONVERSION = YES;
				GCC_WARN_ABOUT_RETURN_TYPE = YES_ERROR;
				GCC_WARN_UNDECLARED_SELECTOR = YES;
				GCC_WARN_UNINITIALIZED_AUTOS = YES_AGGRESSIVE;
				GCC_WARN_UNUSED_FUNCTION = YES;
				GCC_WARN_UNUSED_VARIABLE = YES;
				IPHONEOS_DEPLOYMENT_TARGET = 8.2;
				MTL_ENABLE_DEBUG_INFO = NO;
				SDKROOT = iphoneos;
				VALIDATE_PRODUCT = YES;
			};
			name = Release;
		};
		2C2945161ACFF89C00095FBB /* Debug */ = {
			isa = XCBuildConfiguration;
			buildSettings = {
				ASSETCATALOG_COMPILER_APPICON_NAME = AppIcon;
				CODE_SIGN_IDENTITY = "iPhone Developer";
				"CODE_SIGN_IDENTITY[sdk=iphoneos*]" = "iPhone Developer";
				INFOPLIST_FILE = PREMOTIE/Info.plist;
				LD_RUNPATH_SEARCH_PATHS = "$(inherited) @executable_path/Frameworks";
				PRODUCT_NAME = "$(TARGET_NAME)";
				PROVISIONING_PROFILE = "";
			};
			name = Debug;
		};
		2C2945171ACFF89C00095FBB /* Release */ = {
			isa = XCBuildConfiguration;
			buildSettings = {
				ASSETCATALOG_COMPILER_APPICON_NAME = AppIcon;
				CODE_SIGN_IDENTITY = "iPhone Developer";
				"CODE_SIGN_IDENTITY[sdk=iphoneos*]" = "iPhone Developer";
				INFOPLIST_FILE = PREMOTIE/Info.plist;
				LD_RUNPATH_SEARCH_PATHS = "$(inherited) @executable_path/Frameworks";
				PRODUCT_NAME = "$(TARGET_NAME)";
				PROVISIONING_PROFILE = "";
			};
			name = Release;
		};
		2C2945191ACFF89C00095FBB /* Debug */ = {
			isa = XCBuildConfiguration;
			buildSettings = {
				BUNDLE_LOADER = "$(TEST_HOST)";
				FRAMEWORK_SEARCH_PATHS = (
					"$(SDKROOT)/Developer/Library/Frameworks",
					"$(inherited)",
				);
				GCC_PREPROCESSOR_DEFINITIONS = (
					"DEBUG=1",
					"$(inherited)",
				);
				INFOPLIST_FILE = PREMOTIETests/Info.plist;
				LD_RUNPATH_SEARCH_PATHS = "$(inherited) @executable_path/Frameworks @loader_path/Frameworks";
				PRODUCT_NAME = "$(TARGET_NAME)";
				TEST_HOST = "$(BUILT_PRODUCTS_DIR)/PREMOTIE.app/PREMOTIE";
			};
			name = Debug;
		};
		2C29451A1ACFF89C00095FBB /* Release */ = {
			isa = XCBuildConfiguration;
			buildSettings = {
				BUNDLE_LOADER = "$(TEST_HOST)";
				FRAMEWORK_SEARCH_PATHS = (
					"$(SDKROOT)/Developer/Library/Frameworks",
					"$(inherited)",
				);
				INFOPLIST_FILE = PREMOTIETests/Info.plist;
				LD_RUNPATH_SEARCH_PATHS = "$(inherited) @executable_path/Frameworks @loader_path/Frameworks";
				PRODUCT_NAME = "$(TARGET_NAME)";
				TEST_HOST = "$(BUILT_PRODUCTS_DIR)/PREMOTIE.app/PREMOTIE";
			};
			name = Release;
		};
/* End XCBuildConfiguration section */

/* Begin XCConfigurationList section */
		2C2944ED1ACFF89C00095FBB /* Build configuration list for PBXProject "PREMOTIE" */ = {
			isa = XCConfigurationList;
			buildConfigurations = (
				2C2945131ACFF89C00095FBB /* Debug */,
				2C2945141ACFF89C00095FBB /* Release */,
			);
			defaultConfigurationIsVisible = 0;
			defaultConfigurationName = Release;
		};
		2C2945151ACFF89C00095FBB /* Build configuration list for PBXNativeTarget "PREMOTIE" */ = {
			isa = XCConfigurationList;
			buildConfigurations = (
				2C2945161ACFF89C00095FBB /* Debug */,
				2C2945171ACFF89C00095FBB /* Release */,
			);
			defaultConfigurationIsVisible = 0;
			defaultConfigurationName = Release;
		};
		2C2945181ACFF89C00095FBB /* Build configuration list for PBXNativeTarget "PREMOTIETests" */ = {
			isa = XCConfigurationList;
			buildConfigurations = (
				2C2945191ACFF89C00095FBB /* Debug */,
				2C29451A1ACFF89C00095FBB /* Release */,
			);
			defaultConfigurationIsVisible = 0;
			defaultConfigurationName = Release;
		};
/* End XCConfigurationList section */
	};
	rootObject = 2C2944EA1ACFF89C00095FBB /* Project object */;
}
